{
    "_meta": {
        "hash": {
            "sha256": "b35be4c8cf08211fb82099bb6df1f148171fcb39a4175ecb17a32789b59c45d9"
        },
        "pipfile-spec": 6,
        "requires": {
            "python_version": "3.6"
        },
        "sources": [
            {
                "name": "pypi",
                "url": "https://pypi.org/simple",
                "verify_ssl": true
            }
        ]
    },
    "default": {
        "appdirs": {
            "hashes": [
                "sha256:9e5896d1372858f8dd3344faf4e5014d21849c756c8d5701f78f8a103b372d92",
                "sha256:d8b24664561d0d34ddfaec54636d502d7cea6e29c3eaf68f3df6180863e2166e"
            ],
            "version": "==1.4.3"
        },
        "attrs": {
            "hashes": [
                "sha256:69c0dbf2ed392de1cb5ec704444b08a5ef81680a61cb899dc08127123af36a79",
                "sha256:f0b870f674851ecbfbbbd364d6b5cbdff9dcedbc7f3f5e18a6891057f21fe399"
            ],
            "version": "==19.1.0"
        },
        "beautifulsoup4": {
            "hashes": [
                "sha256:034740f6cb549b4e932ae1ab975581e6103ac8f942200a0e9759065984391858",
                "sha256:945065979fb8529dd2f37dbb58f00b661bdbcbebf954f93b32fdf5263ef35348",
                "sha256:ba6d5c59906a85ac23dadfe5c88deaf3e179ef565f4898671253e50a78680718"
            ],
            "index": "pypi",
            "version": "==4.7.1"
        },
        "cached-property": {
            "hashes": [
                "sha256:3a026f1a54135677e7da5ce819b0c690f156f37976f3e30c5430740725203d7f",
                "sha256:9217a59f14a5682da7c4b8829deadbfc194ac22e9908ccf7c8820234e80a1504"
            ],
            "version": "==1.5.1"
        },
        "cachetools": {
            "hashes": [
                "sha256:428266a1c0d36dc5aca63a2d7c5942e88c2c898d72139fca0e97fdd2380517ae",
                "sha256:8ea2d3ce97850f31e4a08b0e2b5e6c34997d7216a9d2c98e0f3978630d4da69a"
            ],
            "version": "==3.1.1"
        },
        "certifi": {
            "hashes": [
                "sha256:59b7658e26ca9c7339e00f8f4636cdfe59d34fa37b9b04f6f9e9926b3cece1a5",
                "sha256:b26104d6835d1f5e49452a26eb2ff87fe7090b89dfcaee5ea2212697e1e1d7ae"
            ],
            "version": "==2019.3.9"
        },
        "chardet": {
            "hashes": [
                "sha256:84ab92ed1c4d4f16916e05906b6b75a6c0fb5db821cc65e70cbd64a3e2a5eaae",
                "sha256:fc323ffcaeaed0e0a02bf4d117757b98aed530d9ed4531e3e15460124c106691"
            ],
            "version": "==3.0.4"
        },
        "defusedxml": {
            "hashes": [
                "sha256:6687150770438374ab581bb7a1b327a847dd9c5749e396102de3fad4e8a3ef93",
                "sha256:f684034d135af4c6cbb949b8a4d2ed61634515257a67299e5f940fbaa34377f5"
            ],
            "version": "==0.6.0"
        },
        "google-api-python-client": {
            "hashes": [
                "sha256:048da0d68564380ee23b449e5a67d4666af1b3b536d2fb0a02cee1ad540fa5ec",
                "sha256:5def5a485b1cbc998b8f869456c7bde0c0e6d3d0a5ea1f300b5ef57cb4b1ce8f"
            ],
            "index": "pypi",
            "version": "==1.7.9"
        },
        "google-auth": {
            "hashes": [
                "sha256:0f7c6a64927d34c1a474da92cfc59e552a5d3b940d3266606c6a28b72888b9e4",
                "sha256:20705f6803fd2c4d1cc2dcb0df09d4dfcb9a7d51fd59e94a3a28231fd93119ed"
            ],
            "version": "==1.6.3"
        },
        "google-auth-httplib2": {
            "hashes": [
                "sha256:098fade613c25b4527b2c08fa42d11f3c2037dda8995d86de0745228e965d445",
                "sha256:f1c437842155680cf9918df9bc51c1182fda41feef88c34004bd1978c8157e08"
            ],
            "index": "pypi",
            "version": "==0.0.3"
        },
        "google-auth-oauthlib": {
            "hashes": [
                "sha256:6a8b0072048940d1f41c23c03576867e577e826fec140a1c7e148ec486e083ba",
                "sha256:904d72541fc92adb2026767dd364ab3a51f6e893d64b13cdc6acbd580c841468"
            ],
            "index": "pypi",
            "version": "==0.4.0"
        },
        "httplib2": {
            "hashes": [
                "sha256:158fbd0ffbba536829d664bf3f32c4f45df41f8f791663665162dfaf21ffd075",
                "sha256:d1146939d270f1f1eb8cbf8f5aa72ff37d897faccca448582bb1e180aeb4c6b2"
            ],
            "version": "==0.13.0"
        },
        "idna": {
            "hashes": [
                "sha256:c357b3f628cf53ae2c4c05627ecc484553142ca23264e593d327bcde5e9c3407",
                "sha256:ea8b7f6188e6fa117537c3df7da9fc686d485087abf6ac197f9c46432f7e4a3c"
            ],
            "version": "==2.8"
        },
        "isodate": {
            "hashes": [
                "sha256:2e364a3d5759479cdb2d37cce6b9376ea504db2ff90252a2e5b7cc89cc9ff2d8",
                "sha256:aa4d33c06640f5352aca96e4b81afd8ab3b47337cc12089822d6f322ac772c81"
            ],
            "version": "==0.6.0"
        },
        "lxml": {
            "hashes": [
                "sha256:06c7616601430aa140a69f97e3116308fffe0848f543b639a5ec2e8920ae72fd",
                "sha256:177202792f9842374a8077735c69c41a4282183f7851443d2beb8ee310720819",
                "sha256:19317ad721ceb9e39847d11131903931e2794e447d4751ebb0d9236f1b349ff2",
                "sha256:36d206e62f3e5dbaafd4ec692b67157e271f5da7fd925fda8515da675eace50d",
                "sha256:387115b066c797c85f9861a9613abf50046a15aac16759bc92d04f94acfad082",
                "sha256:3ce1c49d4b4a7bc75fb12acb3a6247bb7a91fe420542e6d671ba9187d12a12c2",
                "sha256:4d2a5a7d6b0dbb8c37dab66a8ce09a8761409c044017721c21718659fa3365a1",
                "sha256:58d0a1b33364d1253a88d18df6c0b2676a1746d27c969dc9e32d143a3701dda5",
                "sha256:62a651c618b846b88fdcae0533ec23f185bb322d6c1845733f3123e8980c1d1b",
                "sha256:69ff21064e7debc9b1b1e2eee8c2d686d042d4257186d70b338206a80c5bc5ea",
                "sha256:7060453eba9ba59d821625c6af6a266bd68277dce6577f754d1eb9116c094266",
                "sha256:7d26b36a9c4bce53b9cfe42e67849ae3c5c23558bc08363e53ffd6d94f4ff4d2",
                "sha256:83b427ad2bfa0b9705e02a83d8d607d2c2f01889eb138168e462a3a052c42368",
                "sha256:923d03c84534078386cf50193057aae98fa94cace8ea7580b74754493fda73ad",
                "sha256:b773715609649a1a180025213f67ffdeb5a4878c784293ada300ee95a1f3257b",
                "sha256:baff149c174e9108d4a2fee192c496711be85534eab63adb122f93e70aa35431",
                "sha256:bca9d118b1014b4c2d19319b10a3ebed508ff649396ce1855e1c96528d9b2fa9",
                "sha256:ce580c28845581535dc6000fc7c35fdadf8bea7ccb57d6321b044508e9ba0685",
                "sha256:d34923a569e70224d88e6682490e24c842907ba2c948c5fd26185413cbe0cd96",
                "sha256:dd9f0e531a049d8b35ec5e6c68a37f1ba6ec3a591415e6804cbdf652793d15d7",
                "sha256:ecb805cbfe9102f3fd3d2ef16dfe5ae9e2d7a7dfbba92f4ff1e16ac9784dbfb0",
                "sha256:ede9aad2197a0202caff35d417b671f5f91a3631477441076082a17c94edd846",
                "sha256:ef2d1fc370400e0aa755aab0b20cf4f1d0e934e7fd5244f3dd4869078e4942b9",
                "sha256:f2fec194a49bfaef42a548ee657362af5c7a640da757f6f452a35da7dd9f923c"
            ],
            "version": "==4.3.4"
        },
        "oauthlib": {
            "hashes": [
                "sha256:0ce32c5d989a1827e3f1148f98b9085ed2370fc939bf524c9c851d8714797298",
                "sha256:3e1e14f6cde7e5475128d30e97edc3bfb4dc857cb884d8714ec161fdbb3b358e"
            ],
            "version": "==3.0.1"
        },
        "pyasn1": {
            "hashes": [
                "sha256:da2420fe13a9452d8ae97a0e478adde1dee153b11ba832a95b223a2ba01c10f7",
                "sha256:da6b43a8c9ae93bc80e2739efb38cc776ba74a886e3e9318d65fe81a8b8a2c6e"
            ],
            "version": "==0.4.5"
        },
        "pyasn1-modules": {
            "hashes": [
                "sha256:ef721f68f7951fab9b0404d42590f479e30d9005daccb1699b0a51bb4177db96",
                "sha256:f309b6c94724aeaf7ca583feb1cc70430e10d7551de5e36edfc1ae6909bcfb3c"
            ],
            "version": "==0.2.5"
        },
        "pytz": {
            "hashes": [
                "sha256:303879e36b721603cc54604edcac9d20401bdbe31e1e4fdee5b9f98d5d31dfda",
                "sha256:d747dd3d23d77ef44c6a3526e274af6efeb0a6f1afd5a69ba4d5be4098c8e141"
            ],
            "version": "==2019.1"
        },
        "ratelimit": {
            "hashes": [
                "sha256:af8a9b64b821529aca09ebaf6d8d279100d766f19e90b5059ac6a718ca6dee42"
            ],
            "index": "pypi",
            "version": "==2.2.1"
        },
        "requests": {
            "hashes": [
                "sha256:11e007a8a2aa0323f5a921e9e6a2d7e4e67d9877e85773fba9ba6419025cbeb4",
                "sha256:9cf5292fcd0f598c671cfc1e0d7d1a7f13bb8085e9a590f48c010551dc6c4b31"
            ],
            "index": "pypi",
            "version": "==2.22.0"
        },
        "requests-oauthlib": {
            "hashes": [
                "sha256:bd6533330e8748e94bf0b214775fed487d309b8b8fe823dc45641ebcd9a32f57",
                "sha256:d3ed0c8f2e3bbc6b344fa63d6f933745ab394469da38db16bdddb461c7e25140"
            ],
            "version": "==1.2.0"
        },
        "requests-toolbelt": {
            "hashes": [
                "sha256:380606e1d10dc85c3bd47bf5a6095f815ec007be7a8b69c878507068df059e6f",
                "sha256:968089d4584ad4ad7c171454f0a5c6dac23971e9472521ea3b6d49d610aa6fc0"
            ],
            "version": "==0.9.1"
        },
        "rsa": {
            "hashes": [
                "sha256:14ba45700ff1ec9eeb206a2ce76b32814958a98e372006c8fb76ba820211be66",
                "sha256:1a836406405730121ae9823e19c6e806c62bbad73f890574fff50efa4122c487"
            ],
            "version": "==4.0"
        },
        "ruamel.yaml": {
            "hashes": [
                "sha256:17dbf6b7362e7aee8494f7a0f5cffd44902a6331fe89ef0853b855a7930ab845",
                "sha256:23731c9efb79f3f5609dedffeb6c5c47a68125fd3d4b157d9fc71b1cd49076a9",
                "sha256:2bbdd598ae57bac20968cf9028cc67d37d83bdb7942a94b9478110bc72193148",
                "sha256:34586084cdd60845a3e1bece2b58f0a889be25450db8cc0ea143ddf0f40557a2",
                "sha256:35957fedbb287b01313bb5c556ffdc70c0277c3500213b5e73dfd8716f748d77",
                "sha256:414cb87a40974a575830b406ffab4ab8c6cbd82eeb73abd2a9d1397c1f0223e1",
                "sha256:428775be75db68d908b17e4e8dda424c410222f170dc173246aa63e972d094b3",
                "sha256:514f670f7d36519bda504d507edfe63e3c20489f86c86d42bc4d9a6dbdf82c7b",
                "sha256:5cb962c1ac6887c5da29138fbbe3b4b7705372eb54e599907fa63d4cd743246d",
                "sha256:5f6e30282cf70fb7754e1a5f101e27b5240009766376e131b31ab49f14fe81be",
                "sha256:86f8e010af6af0b4f42de2d0d9b19cb441e61d3416082186f9dd03c8552d13ad",
                "sha256:8d47ed1e557d546bd2dfe54f504d7274274602ff7a0652cde84c258ad6c2d96d",
                "sha256:98668876720bce1ac08562d8b93a564a80e3397e442c7ea19cebdcdf73da7f74",
                "sha256:9e1f0ddc18d8355dcf5586a5d90417df56074f237812b8682a93b62cca9d2043",
                "sha256:a7bc812a72a79d6b7dbb96fa5bee3950464b65ec055d3abc4db6572f2373a95c",
                "sha256:b72e13f9f206ee103247b07afd5a39c8b1aa98e8eba80ddba184d030337220ba",
                "sha256:bcff8ea9d916789e85e24beed8830c157fb8bc7c313e554733a8151540e66c01",
                "sha256:c76e78b3bab652069b8d6f7889b0e72f3455c2b854b2e0a8818393d149ad0a0d"
            ],
            "index": "pypi",
            "version": "==0.15.97"
        },
        "six": {
            "hashes": [
                "sha256:3350809f0555b11f552448330d0b52d5f24c91a322ea4a15ef22629740f3761c",
                "sha256:d16a0141ec1a18405cd4ce8b4613101da75da0e9a7aec5bdd4fa804d0e0eba73"
            ],
            "version": "==1.12.0"
        },
        "soupsieve": {
            "hashes": [
                "sha256:6898e82ecb03772a0d82bd0d0a10c0d6dcc342f77e0701d0ec4a8271be465ece",
                "sha256:b20eff5e564529711544066d7dc0f7661df41232ae263619dede5059799cdfca"
            ],
            "version": "==1.9.1"
        },
        "uritemplate": {
            "hashes": [
                "sha256:01c69f4fe8ed503b2951bef85d996a9d22434d2431584b5b107b2981ff416fbd",
                "sha256:1b9c467a940ce9fb9f50df819e8ddd14696f89b9a8cc87ac77952ba416e0a8fd",
                "sha256:c02643cebe23fc8adb5e6becffe201185bf06c40bda5c0b4028a93f1527d011d"
            ],
            "version": "==3.0.0"
        },
        "urllib3": {
            "hashes": [
                "sha256:b246607a25ac80bedac05c6f282e3cdaf3afb65420fd024ac94435cabe6e18d1",
                "sha256:dbe59173209418ae49d485b87d1681aefa36252ee85884c31346debd19463232"
            ],
            "version": "==1.25.3"
        },
        "wimpy": {
            "hashes": [
                "sha256:86aec5008c4bb88a4e81c262dcbe00df1acd4d1cc293b35237b630149c5f6ef7"
            ],
            "index": "pypi",
            "version": "==0.6"
        },
        "xlrd": {
            "hashes": [
                "sha256:546eb36cee8db40c3eaa46c351e67ffee6eeb5fa2650b71bc4c758a29a1b29b2",
                "sha256:e551fb498759fa3a5384a94ccd4c3c02eb7c00ea424426e212ac0c57be9dfbde"
            ],
            "index": "pypi",
            "version": "==1.2.0"
        },
        "zeep": {
            "hashes": [
                "sha256:0e98669cfeb60756231ae185498f9ae21b30b2681786b8de58ed34c3b93e41dd",
                "sha256:59a4068ab3817b589ee21c6c34166c35baa8f2be7ad69f045d005076a29911c1"
            ],
            "index": "pypi",
            "version": "==3.4.0"
        }
    },
    "develop": {}
}
